// !$*UTF8*$!
{
	archiveVersion = 1;
	classes = {
	};
	objectVersion = 46;
	objects = {

/* Begin PBXBuildFile section */
		13153B87D1A4FBCA3E3D1A5D /* Pods_NightlineUITests.framework in Frameworks */ = {isa = PBXBuildFile; fileRef = 82BFAD513DB6A99D8312DCE7 /* Pods_NightlineUITests.framework */; };
		C74D67E6E1D3CCD69BC76140 /* Pods_Nightline.framework in Frameworks */ = {isa = PBXBuildFile; fileRef = 26C36C169BD3522DEAF49DFA /* Pods_Nightline.framework */; };
		FA1911101E9D977F006CD5E2 /* GoogleService-Info.plist in Resources */ = {isa = PBXBuildFile; fileRef = FA19110F1E9D977F006CD5E2 /* GoogleService-Info.plist */; };
		FA1DB89E1E03495E00C8E437 /* R.generated.swift in Sources */ = {isa = PBXBuildFile; fileRef = FA1DB89D1E03495E00C8E437 /* R.generated.swift */; };
		FA1DB8A21E0349FE00C8E437 /* MapKit.framework in Frameworks */ = {isa = PBXBuildFile; fileRef = FA1DB8A11E0349FE00C8E437 /* MapKit.framework */; };
		FA1DB8A51E034CEA00C8E437 /* Localizable.strings in Resources */ = {isa = PBXBuildFile; fileRef = FA1DB8A71E034CEA00C8E437 /* Localizable.strings */; };
		FA303F651E5D1C75008961EF /* ExtensionMarker.swift in Sources */ = {isa = PBXBuildFile; fileRef = FA303F641E5D1C75008961EF /* ExtensionMarker.swift */; };
		FA303F671E5D1D18008961EF /* ImageableProtocol.swift in Sources */ = {isa = PBXBuildFile; fileRef = FA303F661E5D1D18008961EF /* ImageableProtocol.swift */; };
		FA303F6A1E5D1EAE008961EF /* ExtensionUser.swift in Sources */ = {isa = PBXBuildFile; fileRef = FA303F691E5D1EAE008961EF /* ExtensionUser.swift */; };
		FA303F6C1E5D1F26008961EF /* ExtensionUserPreferences.swift in Sources */ = {isa = PBXBuildFile; fileRef = FA303F6B1E5D1F26008961EF /* ExtensionUserPreferences.swift */; };
		FA303F6E1E5D23A1008961EF /* ExtensionGender.swift in Sources */ = {isa = PBXBuildFile; fileRef = FA303F6D1E5D23A1008961EF /* ExtensionGender.swift */; };
		FA33BF511E57ECFD0037FC88 /* PersonFilter.swift in Sources */ = {isa = PBXBuildFile; fileRef = FA33BF501E57ECFD0037FC88 /* PersonFilter.swift */; };
		FA3A6D2D1E833D97008489F2 /* EtablishementViewController.swift in Sources */ = {isa = PBXBuildFile; fileRef = FA3A6D2C1E833D97008489F2 /* EtablishementViewController.swift */; };
		FA3AA16B1E576FCD002CF4FC /* Consommation.swift in Sources */ = {isa = PBXBuildFile; fileRef = FA3AA1691E576FCD002CF4FC /* Consommation.swift */; };
		FA3AA16C1E576FCD002CF4FC /* Etablishments.swift in Sources */ = {isa = PBXBuildFile; fileRef = FA3AA16A1E576FCD002CF4FC /* Etablishments.swift */; };
		FA3AA1711E577106002CF4FC /* HomeViewController.swift in Sources */ = {isa = PBXBuildFile; fileRef = FA3AA16E1E577106002CF4FC /* HomeViewController.swift */; };
		FA3AA1721E577106002CF4FC /* SigninViewController.swift in Sources */ = {isa = PBXBuildFile; fileRef = FA3AA16F1E577106002CF4FC /* SigninViewController.swift */; };
		FA3AA1731E577106002CF4FC /* SignUpViewController.swift in Sources */ = {isa = PBXBuildFile; fileRef = FA3AA1701E577106002CF4FC /* SignUpViewController.swift */; };
		FA3AA1761E577137002CF4FC /* MainViewController.swift in Sources */ = {isa = PBXBuildFile; fileRef = FA3AA1751E577137002CF4FC /* MainViewController.swift */; };
		FA3AA17B1E577153002CF4FC /* ConsommationTableViewController.swift in Sources */ = {isa = PBXBuildFile; fileRef = FA3AA1781E577153002CF4FC /* ConsommationTableViewController.swift */; };
		FA3AA17C1E577153002CF4FC /* EtablishmentTableViewController.swift in Sources */ = {isa = PBXBuildFile; fileRef = FA3AA1791E577153002CF4FC /* EtablishmentTableViewController.swift */; };
		FA3AA17D1E577153002CF4FC /* UserSettingsTableViewController.swift in Sources */ = {isa = PBXBuildFile; fileRef = FA3AA17A1E577153002CF4FC /* UserSettingsTableViewController.swift */; };
		FA3AA1801E57716E002CF4FC /* UserProfileCell.swift in Sources */ = {isa = PBXBuildFile; fileRef = FA3AA17F1E57716E002CF4FC /* UserProfileCell.swift */; };
		FA3AA1831E57718B002CF4FC /* TabBarController.swift in Sources */ = {isa = PBXBuildFile; fileRef = FA3AA1821E57718B002CF4FC /* TabBarController.swift */; };
		FA3AA1871E5771A8002CF4FC /* EditProfileViewController.swift in Sources */ = {isa = PBXBuildFile; fileRef = FA3AA1851E5771A8002CF4FC /* EditProfileViewController.swift */; };
		FA3AA1881E5771A8002CF4FC /* UserProfileViewController.swift in Sources */ = {isa = PBXBuildFile; fileRef = FA3AA1861E5771A8002CF4FC /* UserProfileViewController.swift */; };
		FA3AA18C1E57720F002CF4FC /* TokenWrapper.swift in Sources */ = {isa = PBXBuildFile; fileRef = FA3AA18A1E57720F002CF4FC /* TokenWrapper.swift */; };
		FA3AA18D1E57720F002CF4FC /* UserManager.swift in Sources */ = {isa = PBXBuildFile; fileRef = FA3AA18B1E57720F002CF4FC /* UserManager.swift */; };
		FA42C9291E56B50100C6B1C8 /* AlertUtils.swift in Sources */ = {isa = PBXBuildFile; fileRef = FA42C9281E56B50100C6B1C8 /* AlertUtils.swift */; };
		FA5729801E5CFB6B00B36784 /* RoutableProtocol.swift in Sources */ = {isa = PBXBuildFile; fileRef = FA57297F1E5CFB6B00B36784 /* RoutableProtocol.swift */; };
		FA5729831E5CFBE800B36784 /* RoutesAPI.swift in Sources */ = {isa = PBXBuildFile; fileRef = FA5729821E5CFBE800B36784 /* RoutesAPI.swift */; };
		FA5729861E5CFC7A00B36784 /* ExtensionRoutesAPI.swift in Sources */ = {isa = PBXBuildFile; fileRef = FA5729851E5CFC7A00B36784 /* ExtensionRoutesAPI.swift */; };
		FA5C2A911E5A4FFC00A0CB56 /* EventType.swift in Sources */ = {isa = PBXBuildFile; fileRef = FA5C2A901E5A4FFC00A0CB56 /* EventType.swift */; };
		FA5C2A9A1E5A519700A0CB56 /* UIColorExtension.swift in Sources */ = {isa = PBXBuildFile; fileRef = FA5C2A951E5A519700A0CB56 /* UIColorExtension.swift */; };
		FA5C2A9B1E5A519700A0CB56 /* UIImageViewExtension.swift in Sources */ = {isa = PBXBuildFile; fileRef = FA5C2A961E5A519700A0CB56 /* UIImageViewExtension.swift */; };
		FA5C2A9C1E5A519700A0CB56 /* UITableViewCellExtension.swift in Sources */ = {isa = PBXBuildFile; fileRef = FA5C2A971E5A519700A0CB56 /* UITableViewCellExtension.swift */; };
		FA5C2A9D1E5A519700A0CB56 /* UITextFieldExtension.swift in Sources */ = {isa = PBXBuildFile; fileRef = FA5C2A981E5A519700A0CB56 /* UITextFieldExtension.swift */; };
		FA5C2A9E1E5A519700A0CB56 /* UIViewControllerExtension.swift in Sources */ = {isa = PBXBuildFile; fileRef = FA5C2A991E5A519700A0CB56 /* UIViewControllerExtension.swift */; };
		FA5C2AA01E5A51B300A0CB56 /* ExtensionConsommation.swift in Sources */ = {isa = PBXBuildFile; fileRef = FA5C2A9F1E5A51B300A0CB56 /* ExtensionConsommation.swift */; };
		FA5C2AA21E5A57FD00A0CB56 /* ExtensionPersonType.swift in Sources */ = {isa = PBXBuildFile; fileRef = FA5C2AA11E5A57FD00A0CB56 /* ExtensionPersonType.swift */; };
		FA5C2AA41E5A5ACE00A0CB56 /* ExtensionEventType.swift in Sources */ = {isa = PBXBuildFile; fileRef = FA5C2AA31E5A5ACE00A0CB56 /* ExtensionEventType.swift */; };
		FA5C2AA61E5A5AF800A0CB56 /* ExtensionEtablishments.swift in Sources */ = {isa = PBXBuildFile; fileRef = FA5C2AA51E5A5AF800A0CB56 /* ExtensionEtablishments.swift */; };
		FA5C2AA81E5A5B3000A0CB56 /* GroupType.swift in Sources */ = {isa = PBXBuildFile; fileRef = FA5C2AA71E5A5B3000A0CB56 /* GroupType.swift */; };
		FA5C2AAA1E5A5B6F00A0CB56 /* ExtensionGroupType.swift in Sources */ = {isa = PBXBuildFile; fileRef = FA5C2AA91E5A5B6F00A0CB56 /* ExtensionGroupType.swift */; };
		FA5C2AAC1E5A5D0E00A0CB56 /* MapFilterManager.swift in Sources */ = {isa = PBXBuildFile; fileRef = FA5C2AAB1E5A5D0E00A0CB56 /* MapFilterManager.swift */; };
		FA75ADAB1E4BBA2B0078FFE9 /* User.swift in Sources */ = {isa = PBXBuildFile; fileRef = FA75ADAA1E4BBA2B0078FFE9 /* User.swift */; };
		FA75ADAD1E4BBBA80078FFE9 /* Marker.swift in Sources */ = {isa = PBXBuildFile; fileRef = FA75ADAC1E4BBBA80078FFE9 /* Marker.swift */; };
		FA75ADB11E4CE42B0078FFE9 /* SettingsCell.swift in Sources */ = {isa = PBXBuildFile; fileRef = FA75ADB01E4CE42B0078FFE9 /* SettingsCell.swift */; };
		FA78B71B1E56978600765056 /* RAUser.swift in Sources */ = {isa = PBXBuildFile; fileRef = FA78B71A1E56978600765056 /* RAUser.swift */; };
		FAAC43C81E85BA2100CEF9CA /* ProfileViewController.swift in Sources */ = {isa = PBXBuildFile; fileRef = FAAC43C71E85BA2100CEF9CA /* ProfileViewController.swift */; };
		FAAC43CA1E861C8700CEF9CA /* UserFriendsListTableViewController.swift in Sources */ = {isa = PBXBuildFile; fileRef = FAAC43C91E861C8700CEF9CA /* UserFriendsListTableViewController.swift */; };
		FAB8B8241E8420B700D11755 /* EtablishmentMenuViewController.swift in Sources */ = {isa = PBXBuildFile; fileRef = FAB8B8231E8420B700D11755 /* EtablishmentMenuViewController.swift */; };
		FADF25C81E8736B100E74439 /* UserFriendsListTableViewCell.swift in Sources */ = {isa = PBXBuildFile; fileRef = FADF25C71E8736B100E74439 /* UserFriendsListTableViewCell.swift */; };
		FADF25CA1E8746EE00E74439 /* Achievments.swift in Sources */ = {isa = PBXBuildFile; fileRef = FADF25C91E8746EE00E74439 /* Achievments.swift */; };
		FADF25CC1E874C1B00E74439 /* UserAchievementsListCollectionViewController.swift in Sources */ = {isa = PBXBuildFile; fileRef = FADF25CB1E874C1B00E74439 /* UserAchievementsListCollectionViewController.swift */; };
		FADF25CE1E875A4800E74439 /* UserAchievementsListTableViewCell.swift in Sources */ = {isa = PBXBuildFile; fileRef = FADF25CD1E875A4800E74439 /* UserAchievementsListTableViewCell.swift */; };
		FADF25D01E8767F800E74439 /* AchievementManager.swift in Sources */ = {isa = PBXBuildFile; fileRef = FADF25CF1E8767F800E74439 /* AchievementManager.swift */; };
		FAF0A6CA1E876F3E00C2ED18 /* ExtensionInt.swift in Sources */ = {isa = PBXBuildFile; fileRef = FAF0A6C91E876F3E00C2ED18 /* ExtensionInt.swift */; };
		FAFBF8011E554C7B003AF68E /* Animation.swift in Sources */ = {isa = PBXBuildFile; fileRef = FAFBF8001E554C7B003AF68E /* Animation.swift */; };
		FAFBF8031E554EC0003AF68E /* Plist.swift in Sources */ = {isa = PBXBuildFile; fileRef = FAFBF8021E554EC0003AF68E /* Plist.swift */; };
		FAFBF8061E55513B003AF68E /* ModelsProtocol.swift in Sources */ = {isa = PBXBuildFile; fileRef = FAFBF8051E55513B003AF68E /* ModelsProtocol.swift */; };
		FAFBF8081E55539B003AF68E /* UserPreferences.swift in Sources */ = {isa = PBXBuildFile; fileRef = FAFBF8071E55539B003AF68E /* UserPreferences.swift */; };
		FAFF372F1E03402F001B2A8F /* Nightline.xcdatamodeld in Sources */ = {isa = PBXBuildFile; fileRef = FAFF372D1E03402F001B2A8F /* Nightline.xcdatamodeld */; };
		FAFF37311E03402F001B2A8F /* Assets.xcassets in Resources */ = {isa = PBXBuildFile; fileRef = FAFF37301E03402F001B2A8F /* Assets.xcassets */; };
		FAFF373F1E03402F001B2A8F /* NightlineTests.swift in Sources */ = {isa = PBXBuildFile; fileRef = FAFF373E1E03402F001B2A8F /* NightlineTests.swift */; };
		FAFF374A1E03402F001B2A8F /* NightlineUITests.swift in Sources */ = {isa = PBXBuildFile; fileRef = FAFF37491E03402F001B2A8F /* NightlineUITests.swift */; };
		FAFF37581E034073001B2A8F /* AppDelegate.swift in Sources */ = {isa = PBXBuildFile; fileRef = FAFF37571E034073001B2A8F /* AppDelegate.swift */; };
		FAFF375F1E0340C0001B2A8F /* AppConstant.swift in Sources */ = {isa = PBXBuildFile; fileRef = FAFF375E1E0340C0001B2A8F /* AppConstant.swift */; };
		FAFF37691E034147001B2A8F /* BaseViewController.swift in Sources */ = {isa = PBXBuildFile; fileRef = FAFF37631E034147001B2A8F /* BaseViewController.swift */; };
		FAFF37741E03421D001B2A8F /* DatabaseHandler.swift in Sources */ = {isa = PBXBuildFile; fileRef = FAFF37721E03421D001B2A8F /* DatabaseHandler.swift */; };
		FAFF37751E03421D001B2A8F /* DatabaseUser.swift in Sources */ = {isa = PBXBuildFile; fileRef = FAFF37731E03421D001B2A8F /* DatabaseUser.swift */; };
		FAFF37801E034654001B2A8F /* Utils.swift in Sources */ = {isa = PBXBuildFile; fileRef = FAFF377D1E034654001B2A8F /* Utils.swift */; };
		FAFF37851E034678001B2A8F /* RABase.swift in Sources */ = {isa = PBXBuildFile; fileRef = FAFF37841E034678001B2A8F /* RABase.swift */; };
		FAFF378B1E03470F001B2A8F /* Gender.swift in Sources */ = {isa = PBXBuildFile; fileRef = FAFF378A1E03470F001B2A8F /* Gender.swift */; };
		FAFF4EA21E5E4762006582C7 /* ExtensionString.swift in Sources */ = {isa = PBXBuildFile; fileRef = FAFF4EA11E5E4762006582C7 /* ExtensionString.swift */; };
		FAFF4EA41E5E4827006582C7 /* ExtensionDBUser.swift in Sources */ = {isa = PBXBuildFile; fileRef = FAFF4EA31E5E4827006582C7 /* ExtensionDBUser.swift */; };
		FF48EB7092FAEE04942E0A95 /* Pods_NightlineTests.framework in Frameworks */ = {isa = PBXBuildFile; fileRef = 1D1741672ABE52DE35C2BE67 /* Pods_NightlineTests.framework */; };
/* End PBXBuildFile section */

/* Begin PBXContainerItemProxy section */
		FAFF373B1E03402F001B2A8F /* PBXContainerItemProxy */ = {
			isa = PBXContainerItemProxy;
			containerPortal = FAFF371B1E03402F001B2A8F /* Project object */;
			proxyType = 1;
			remoteGlobalIDString = FAFF37221E03402F001B2A8F;
			remoteInfo = Nightline;
		};
		FAFF37461E03402F001B2A8F /* PBXContainerItemProxy */ = {
			isa = PBXContainerItemProxy;
			containerPortal = FAFF371B1E03402F001B2A8F /* Project object */;
			proxyType = 1;
			remoteGlobalIDString = FAFF37221E03402F001B2A8F;
			remoteInfo = Nightline;
		};
/* End PBXContainerItemProxy section */

/* Begin PBXFileReference section */
		09181AECF5AEFBFD7A64E763 /* Pods-NightlineUITests.release.xcconfig */ = {isa = PBXFileReference; includeInIndex = 1; lastKnownFileType = text.xcconfig; name = "Pods-NightlineUITests.release.xcconfig"; path = "Pods/Target Support Files/Pods-NightlineUITests/Pods-NightlineUITests.release.xcconfig"; sourceTree = "<group>"; };
		10B2518230708D05E98AAC84 /* Pods-Nightline.debug.xcconfig */ = {isa = PBXFileReference; includeInIndex = 1; lastKnownFileType = text.xcconfig; name = "Pods-Nightline.debug.xcconfig"; path = "Pods/Target Support Files/Pods-Nightline/Pods-Nightline.debug.xcconfig"; sourceTree = "<group>"; };
		1D1741672ABE52DE35C2BE67 /* Pods_NightlineTests.framework */ = {isa = PBXFileReference; explicitFileType = wrapper.framework; includeInIndex = 0; path = Pods_NightlineTests.framework; sourceTree = BUILT_PRODUCTS_DIR; };
		26C36C169BD3522DEAF49DFA /* Pods_Nightline.framework */ = {isa = PBXFileReference; explicitFileType = wrapper.framework; includeInIndex = 0; path = Pods_Nightline.framework; sourceTree = BUILT_PRODUCTS_DIR; };
		27EDDB266E82A3DBD059EDE1 /* Pods-NightlineTests.release.xcconfig */ = {isa = PBXFileReference; includeInIndex = 1; lastKnownFileType = text.xcconfig; name = "Pods-NightlineTests.release.xcconfig"; path = "Pods/Target Support Files/Pods-NightlineTests/Pods-NightlineTests.release.xcconfig"; sourceTree = "<group>"; };
		328F72EDC5BFFCEBDCA6C9C6 /* Pods-Nightline.release.xcconfig */ = {isa = PBXFileReference; includeInIndex = 1; lastKnownFileType = text.xcconfig; name = "Pods-Nightline.release.xcconfig"; path = "Pods/Target Support Files/Pods-Nightline/Pods-Nightline.release.xcconfig"; sourceTree = "<group>"; };
		4D29CABD4DA5A77DCF782125 /* Pods-NightlineUITests.debug.xcconfig */ = {isa = PBXFileReference; includeInIndex = 1; lastKnownFileType = text.xcconfig; name = "Pods-NightlineUITests.debug.xcconfig"; path = "Pods/Target Support Files/Pods-NightlineUITests/Pods-NightlineUITests.debug.xcconfig"; sourceTree = "<group>"; };
		52AC7CFB957CAC0F9B1438C7 /* Pods-NightlineTests.debug.xcconfig */ = {isa = PBXFileReference; includeInIndex = 1; lastKnownFileType = text.xcconfig; name = "Pods-NightlineTests.debug.xcconfig"; path = "Pods/Target Support Files/Pods-NightlineTests/Pods-NightlineTests.debug.xcconfig"; sourceTree = "<group>"; };
		82BFAD513DB6A99D8312DCE7 /* Pods_NightlineUITests.framework */ = {isa = PBXFileReference; explicitFileType = wrapper.framework; includeInIndex = 0; path = Pods_NightlineUITests.framework; sourceTree = BUILT_PRODUCTS_DIR; };
		FA19110F1E9D977F006CD5E2 /* GoogleService-Info.plist */ = {isa = PBXFileReference; fileEncoding = 4; lastKnownFileType = text.plist.xml; path = "GoogleService-Info.plist"; sourceTree = "<group>"; };
		FA1DB89D1E03495E00C8E437 /* R.generated.swift */ = {isa = PBXFileReference; fileEncoding = 4; lastKnownFileType = sourcecode.swift; name = R.generated.swift; path = ../R.generated.swift; sourceTree = "<group>"; };
		FA1DB8A11E0349FE00C8E437 /* MapKit.framework */ = {isa = PBXFileReference; lastKnownFileType = wrapper.framework; name = MapKit.framework; path = System/Library/Frameworks/MapKit.framework; sourceTree = SDKROOT; };
		FA1DB8A61E034CEA00C8E437 /* fr */ = {isa = PBXFileReference; lastKnownFileType = text.plist.strings; name = fr; path = fr.lproj/Localizable.strings; sourceTree = "<group>"; };
		FA1DB8A81E034CEF00C8E437 /* en */ = {isa = PBXFileReference; lastKnownFileType = text.plist.strings; name = en; path = en.lproj/Localizable.strings; sourceTree = "<group>"; };
		FA1DB8A91E03534A00C8E437 /* Nightline.entitlements */ = {isa = PBXFileReference; lastKnownFileType = text.plist.entitlements; path = Nightline.entitlements; sourceTree = "<group>"; };
		FA303F641E5D1C75008961EF /* ExtensionMarker.swift */ = {isa = PBXFileReference; fileEncoding = 4; lastKnownFileType = sourcecode.swift; name = ExtensionMarker.swift; path = Extensions/Models/Parties/ExtensionMarker.swift; sourceTree = "<group>"; };
		FA303F661E5D1D18008961EF /* ImageableProtocol.swift */ = {isa = PBXFileReference; fileEncoding = 4; lastKnownFileType = sourcecode.swift; name = ImageableProtocol.swift; path = Protocols/ImageableProtocol.swift; sourceTree = "<group>"; };
		FA303F691E5D1EAE008961EF /* ExtensionUser.swift */ = {isa = PBXFileReference; fileEncoding = 4; lastKnownFileType = sourcecode.swift; name = ExtensionUser.swift; path = Extensions/Models/User/ExtensionUser.swift; sourceTree = "<group>"; };
		FA303F6B1E5D1F26008961EF /* ExtensionUserPreferences.swift */ = {isa = PBXFileReference; fileEncoding = 4; lastKnownFileType = sourcecode.swift; name = ExtensionUserPreferences.swift; path = Extensions/Models/User/ExtensionUserPreferences.swift; sourceTree = "<group>"; };
		FA303F6D1E5D23A1008961EF /* ExtensionGender.swift */ = {isa = PBXFileReference; fileEncoding = 4; lastKnownFileType = sourcecode.swift; name = ExtensionGender.swift; path = Extensions/Enums/ExtensionGender.swift; sourceTree = "<group>"; };
		FA33BF501E57ECFD0037FC88 /* PersonFilter.swift */ = {isa = PBXFileReference; fileEncoding = 4; lastKnownFileType = sourcecode.swift; name = PersonFilter.swift; path = Enums/Parties/MapFilter/PersonFilter.swift; sourceTree = "<group>"; };
		FA3A6D2C1E833D97008489F2 /* EtablishementViewController.swift */ = {isa = PBXFileReference; fileEncoding = 4; lastKnownFileType = sourcecode.swift; name = EtablishementViewController.swift; path = Controllers/Parties/EtablishementViewController.swift; sourceTree = "<group>"; };
		FA3AA1691E576FCD002CF4FC /* Consommation.swift */ = {isa = PBXFileReference; fileEncoding = 4; lastKnownFileType = sourcecode.swift; name = Consommation.swift; path = Enums/Parties/UserPreferences/Consommation.swift; sourceTree = "<group>"; };
		FA3AA16A1E576FCD002CF4FC /* Etablishments.swift */ = {isa = PBXFileReference; fileEncoding = 4; lastKnownFileType = sourcecode.swift; name = Etablishments.swift; path = Enums/Parties/UserPreferences/Etablishments.swift; sourceTree = "<group>"; };
		FA3AA16E1E577106002CF4FC /* HomeViewController.swift */ = {isa = PBXFileReference; fileEncoding = 4; lastKnownFileType = sourcecode.swift; name = HomeViewController.swift; path = Controllers/Home/HomeViewController.swift; sourceTree = "<group>"; };
		FA3AA16F1E577106002CF4FC /* SigninViewController.swift */ = {isa = PBXFileReference; fileEncoding = 4; lastKnownFileType = sourcecode.swift; name = SigninViewController.swift; path = Controllers/Home/SigninViewController.swift; sourceTree = "<group>"; };
		FA3AA1701E577106002CF4FC /* SignUpViewController.swift */ = {isa = PBXFileReference; fileEncoding = 4; lastKnownFileType = sourcecode.swift; name = SignUpViewController.swift; path = Controllers/Home/SignUpViewController.swift; sourceTree = "<group>"; };
		FA3AA1751E577137002CF4FC /* MainViewController.swift */ = {isa = PBXFileReference; fileEncoding = 4; lastKnownFileType = sourcecode.swift; name = MainViewController.swift; path = Controllers/Map/MainViewController.swift; sourceTree = "<group>"; };
		FA3AA1781E577153002CF4FC /* ConsommationTableViewController.swift */ = {isa = PBXFileReference; fileEncoding = 4; lastKnownFileType = sourcecode.swift; name = ConsommationTableViewController.swift; path = Controllers/Settings/ConsommationTableViewController.swift; sourceTree = "<group>"; };
		FA3AA1791E577153002CF4FC /* EtablishmentTableViewController.swift */ = {isa = PBXFileReference; fileEncoding = 4; lastKnownFileType = sourcecode.swift; name = EtablishmentTableViewController.swift; path = Controllers/Settings/EtablishmentTableViewController.swift; sourceTree = "<group>"; };
		FA3AA17A1E577153002CF4FC /* UserSettingsTableViewController.swift */ = {isa = PBXFileReference; fileEncoding = 4; lastKnownFileType = sourcecode.swift; name = UserSettingsTableViewController.swift; path = Controllers/Settings/UserSettingsTableViewController.swift; sourceTree = "<group>"; };
		FA3AA17F1E57716E002CF4FC /* UserProfileCell.swift */ = {isa = PBXFileReference; fileEncoding = 4; lastKnownFileType = sourcecode.swift; name = UserProfileCell.swift; path = Controllers/Settings/CustomCells/UserProfileCell.swift; sourceTree = "<group>"; };
		FA3AA1821E57718B002CF4FC /* TabBarController.swift */ = {isa = PBXFileReference; fileEncoding = 4; lastKnownFileType = sourcecode.swift; name = TabBarController.swift; path = Controllers/TabBar/TabBarController.swift; sourceTree = "<group>"; };
		FA3AA1851E5771A8002CF4FC /* EditProfileViewController.swift */ = {isa = PBXFileReference; fileEncoding = 4; lastKnownFileType = sourcecode.swift; name = EditProfileViewController.swift; path = Controllers/User/EditProfileViewController.swift; sourceTree = "<group>"; };
		FA3AA1861E5771A8002CF4FC /* UserProfileViewController.swift */ = {isa = PBXFileReference; fileEncoding = 4; lastKnownFileType = sourcecode.swift; name = UserProfileViewController.swift; path = Controllers/User/UserProfileViewController.swift; sourceTree = "<group>"; };
		FA3AA18A1E57720F002CF4FC /* TokenWrapper.swift */ = {isa = PBXFileReference; fileEncoding = 4; lastKnownFileType = sourcecode.swift; name = TokenWrapper.swift; path = Manager/TokenWrapper.swift; sourceTree = "<group>"; };
		FA3AA18B1E57720F002CF4FC /* UserManager.swift */ = {isa = PBXFileReference; fileEncoding = 4; lastKnownFileType = sourcecode.swift; name = UserManager.swift; path = Manager/UserManager.swift; sourceTree = "<group>"; };
		FA42C9281E56B50100C6B1C8 /* AlertUtils.swift */ = {isa = PBXFileReference; fileEncoding = 4; lastKnownFileType = sourcecode.swift; name = AlertUtils.swift; path = Utils/AlertUtils.swift; sourceTree = "<group>"; };
		FA57297F1E5CFB6B00B36784 /* RoutableProtocol.swift */ = {isa = PBXFileReference; fileEncoding = 4; lastKnownFileType = sourcecode.swift; name = RoutableProtocol.swift; path = Protocols/RoutableProtocol.swift; sourceTree = "<group>"; };
		FA5729821E5CFBE800B36784 /* RoutesAPI.swift */ = {isa = PBXFileReference; fileEncoding = 4; lastKnownFileType = sourcecode.swift; name = RoutesAPI.swift; path = Enums/Routes/RoutesAPI.swift; sourceTree = "<group>"; };
		FA5729851E5CFC7A00B36784 /* ExtensionRoutesAPI.swift */ = {isa = PBXFileReference; fileEncoding = 4; lastKnownFileType = sourcecode.swift; name = ExtensionRoutesAPI.swift; path = Extensions/Enums/ExtensionRoutesAPI.swift; sourceTree = "<group>"; };
		FA5C2A901E5A4FFC00A0CB56 /* EventType.swift */ = {isa = PBXFileReference; fileEncoding = 4; lastKnownFileType = sourcecode.swift; name = EventType.swift; path = Enums/Parties/MapFilter/EventType.swift; sourceTree = "<group>"; };
		FA5C2A951E5A519700A0CB56 /* UIColorExtension.swift */ = {isa = PBXFileReference; fileEncoding = 4; lastKnownFileType = sourcecode.swift; name = UIColorExtension.swift; path = Extensions/UI/UIColorExtension.swift; sourceTree = "<group>"; };
		FA5C2A961E5A519700A0CB56 /* UIImageViewExtension.swift */ = {isa = PBXFileReference; fileEncoding = 4; lastKnownFileType = sourcecode.swift; name = UIImageViewExtension.swift; path = Extensions/UI/UIImageViewExtension.swift; sourceTree = "<group>"; };
		FA5C2A971E5A519700A0CB56 /* UITableViewCellExtension.swift */ = {isa = PBXFileReference; fileEncoding = 4; lastKnownFileType = sourcecode.swift; name = UITableViewCellExtension.swift; path = Extensions/UI/UITableViewCellExtension.swift; sourceTree = "<group>"; };
		FA5C2A981E5A519700A0CB56 /* UITextFieldExtension.swift */ = {isa = PBXFileReference; fileEncoding = 4; lastKnownFileType = sourcecode.swift; name = UITextFieldExtension.swift; path = Extensions/UI/UITextFieldExtension.swift; sourceTree = "<group>"; };
		FA5C2A991E5A519700A0CB56 /* UIViewControllerExtension.swift */ = {isa = PBXFileReference; fileEncoding = 4; lastKnownFileType = sourcecode.swift; name = UIViewControllerExtension.swift; path = Extensions/UI/UIViewControllerExtension.swift; sourceTree = "<group>"; };
		FA5C2A9F1E5A51B300A0CB56 /* ExtensionConsommation.swift */ = {isa = PBXFileReference; fileEncoding = 4; lastKnownFileType = sourcecode.swift; name = ExtensionConsommation.swift; path = Extensions/Enums/ExtensionConsommation.swift; sourceTree = "<group>"; };
		FA5C2AA11E5A57FD00A0CB56 /* ExtensionPersonType.swift */ = {isa = PBXFileReference; fileEncoding = 4; lastKnownFileType = sourcecode.swift; name = ExtensionPersonType.swift; path = Extensions/Enums/ExtensionPersonType.swift; sourceTree = "<group>"; };
		FA5C2AA31E5A5ACE00A0CB56 /* ExtensionEventType.swift */ = {isa = PBXFileReference; fileEncoding = 4; lastKnownFileType = sourcecode.swift; name = ExtensionEventType.swift; path = Extensions/Enums/ExtensionEventType.swift; sourceTree = "<group>"; };
		FA5C2AA51E5A5AF800A0CB56 /* ExtensionEtablishments.swift */ = {isa = PBXFileReference; fileEncoding = 4; lastKnownFileType = sourcecode.swift; name = ExtensionEtablishments.swift; path = Extensions/Enums/ExtensionEtablishments.swift; sourceTree = "<group>"; };
		FA5C2AA71E5A5B3000A0CB56 /* GroupType.swift */ = {isa = PBXFileReference; fileEncoding = 4; lastKnownFileType = sourcecode.swift; name = GroupType.swift; path = Enums/Parties/MapFilter/GroupType.swift; sourceTree = "<group>"; };
		FA5C2AA91E5A5B6F00A0CB56 /* ExtensionGroupType.swift */ = {isa = PBXFileReference; fileEncoding = 4; lastKnownFileType = sourcecode.swift; name = ExtensionGroupType.swift; path = Extensions/Enums/ExtensionGroupType.swift; sourceTree = "<group>"; };
		FA5C2AAB1E5A5D0E00A0CB56 /* MapFilterManager.swift */ = {isa = PBXFileReference; fileEncoding = 4; lastKnownFileType = sourcecode.swift; name = MapFilterManager.swift; path = Manager/MapFilterManager.swift; sourceTree = "<group>"; };
		FA75ADAA1E4BBA2B0078FFE9 /* User.swift */ = {isa = PBXFileReference; fileEncoding = 4; lastKnownFileType = sourcecode.swift; name = User.swift; path = Models/User/User.swift; sourceTree = "<group>"; };
		FA75ADAC1E4BBBA80078FFE9 /* Marker.swift */ = {isa = PBXFileReference; fileEncoding = 4; lastKnownFileType = sourcecode.swift; name = Marker.swift; path = Models/Parties/Marker.swift; sourceTree = "<group>"; };
		FA75ADB01E4CE42B0078FFE9 /* SettingsCell.swift */ = {isa = PBXFileReference; fileEncoding = 4; lastKnownFileType = sourcecode.swift; name = SettingsCell.swift; path = Enums/CustomCells/Settings/SettingsCell.swift; sourceTree = "<group>"; };
		FA78B71A1E56978600765056 /* RAUser.swift */ = {isa = PBXFileReference; fileEncoding = 4; lastKnownFileType = sourcecode.swift; name = RAUser.swift; path = Network/RAUser.swift; sourceTree = "<group>"; };
		FAAC43C71E85BA2100CEF9CA /* ProfileViewController.swift */ = {isa = PBXFileReference; fileEncoding = 4; lastKnownFileType = sourcecode.swift; name = ProfileViewController.swift; path = Controllers/ProfileViewController.swift; sourceTree = "<group>"; };
		FAAC43C91E861C8700CEF9CA /* UserFriendsListTableViewController.swift */ = {isa = PBXFileReference; fileEncoding = 4; lastKnownFileType = sourcecode.swift; name = UserFriendsListTableViewController.swift; path = Controllers/User/UserFriendsListTableViewController.swift; sourceTree = "<group>"; };
		FAB8B8231E8420B700D11755 /* EtablishmentMenuViewController.swift */ = {isa = PBXFileReference; fileEncoding = 4; lastKnownFileType = sourcecode.swift; name = EtablishmentMenuViewController.swift; path = Controllers/Parties/EtablishmentMenuViewController.swift; sourceTree = "<group>"; };
		FADF25C71E8736B100E74439 /* UserFriendsListTableViewCell.swift */ = {isa = PBXFileReference; fileEncoding = 4; lastKnownFileType = sourcecode.swift; name = UserFriendsListTableViewCell.swift; path = Controllers/User/CustomCells/UserFriendsListTableViewCell.swift; sourceTree = "<group>"; };
		FADF25C91E8746EE00E74439 /* Achievments.swift */ = {isa = PBXFileReference; fileEncoding = 4; lastKnownFileType = sourcecode.swift; name = Achievments.swift; path = Models/Parties/Achievments.swift; sourceTree = "<group>"; };
		FADF25CB1E874C1B00E74439 /* UserAchievementsListCollectionViewController.swift */ = {isa = PBXFileReference; fileEncoding = 4; lastKnownFileType = sourcecode.swift; name = UserAchievementsListCollectionViewController.swift; path = Controllers/User/UserAchievementsListCollectionViewController.swift; sourceTree = "<group>"; };
		FADF25CD1E875A4800E74439 /* UserAchievementsListTableViewCell.swift */ = {isa = PBXFileReference; fileEncoding = 4; lastKnownFileType = sourcecode.swift; name = UserAchievementsListTableViewCell.swift; path = Controllers/User/CustomCells/UserAchievementsListTableViewCell.swift; sourceTree = "<group>"; };
		FADF25CF1E8767F800E74439 /* AchievementManager.swift */ = {isa = PBXFileReference; fileEncoding = 4; lastKnownFileType = sourcecode.swift; name = AchievementManager.swift; path = Manager/AchievementManager.swift; sourceTree = "<group>"; };
		FAF0A6C91E876F3E00C2ED18 /* ExtensionInt.swift */ = {isa = PBXFileReference; fileEncoding = 4; lastKnownFileType = sourcecode.swift; name = ExtensionInt.swift; path = Extensions/Models/ExtensionInt.swift; sourceTree = "<group>"; };
		FAFBF8001E554C7B003AF68E /* Animation.swift */ = {isa = PBXFileReference; fileEncoding = 4; lastKnownFileType = sourcecode.swift; name = Animation.swift; path = Utils/Animation.swift; sourceTree = "<group>"; };
		FAFBF8021E554EC0003AF68E /* Plist.swift */ = {isa = PBXFileReference; fileEncoding = 4; lastKnownFileType = sourcecode.swift; name = Plist.swift; path = Utils/Plist.swift; sourceTree = "<group>"; };
		FAFBF8051E55513B003AF68E /* ModelsProtocol.swift */ = {isa = PBXFileReference; fileEncoding = 4; lastKnownFileType = sourcecode.swift; name = ModelsProtocol.swift; path = Protocols/ModelsProtocol.swift; sourceTree = "<group>"; };
		FAFBF8071E55539B003AF68E /* UserPreferences.swift */ = {isa = PBXFileReference; fileEncoding = 4; lastKnownFileType = sourcecode.swift; name = UserPreferences.swift; path = Models/User/UserPreferences.swift; sourceTree = "<group>"; };
		FAFF37231E03402F001B2A8F /* Nightline.app */ = {isa = PBXFileReference; explicitFileType = wrapper.application; includeInIndex = 0; path = Nightline.app; sourceTree = BUILT_PRODUCTS_DIR; };
		FAFF372E1E03402F001B2A8F /* Nightline.xcdatamodel */ = {isa = PBXFileReference; lastKnownFileType = wrapper.xcdatamodel; path = Nightline.xcdatamodel; sourceTree = "<group>"; };
		FAFF37301E03402F001B2A8F /* Assets.xcassets */ = {isa = PBXFileReference; lastKnownFileType = folder.assetcatalog; path = Assets.xcassets; sourceTree = "<group>"; };
		FAFF373A1E03402F001B2A8F /* NightlineTests.xctest */ = {isa = PBXFileReference; explicitFileType = wrapper.cfbundle; includeInIndex = 0; path = NightlineTests.xctest; sourceTree = BUILT_PRODUCTS_DIR; };
		FAFF373E1E03402F001B2A8F /* NightlineTests.swift */ = {isa = PBXFileReference; lastKnownFileType = sourcecode.swift; path = NightlineTests.swift; sourceTree = "<group>"; };
		FAFF37401E03402F001B2A8F /* Info.plist */ = {isa = PBXFileReference; lastKnownFileType = text.plist.xml; path = Info.plist; sourceTree = "<group>"; };
		FAFF37451E03402F001B2A8F /* NightlineUITests.xctest */ = {isa = PBXFileReference; explicitFileType = wrapper.cfbundle; includeInIndex = 0; path = NightlineUITests.xctest; sourceTree = BUILT_PRODUCTS_DIR; };
		FAFF37491E03402F001B2A8F /* NightlineUITests.swift */ = {isa = PBXFileReference; lastKnownFileType = sourcecode.swift; path = NightlineUITests.swift; sourceTree = "<group>"; };
		FAFF374B1E03402F001B2A8F /* Info.plist */ = {isa = PBXFileReference; lastKnownFileType = text.plist.xml; path = Info.plist; sourceTree = "<group>"; };
		FAFF37571E034073001B2A8F /* AppDelegate.swift */ = {isa = PBXFileReference; fileEncoding = 4; lastKnownFileType = sourcecode.swift; path = AppDelegate.swift; sourceTree = "<group>"; };
		FAFF375E1E0340C0001B2A8F /* AppConstant.swift */ = {isa = PBXFileReference; fileEncoding = 4; lastKnownFileType = sourcecode.swift; name = AppConstant.swift; path = Constants/AppConstant.swift; sourceTree = "<group>"; };
		FAFF37631E034147001B2A8F /* BaseViewController.swift */ = {isa = PBXFileReference; fileEncoding = 4; lastKnownFileType = sourcecode.swift; name = BaseViewController.swift; path = Controllers/BaseViewController.swift; sourceTree = "<group>"; };
		FAFF37721E03421D001B2A8F /* DatabaseHandler.swift */ = {isa = PBXFileReference; fileEncoding = 4; lastKnownFileType = sourcecode.swift; name = DatabaseHandler.swift; path = DataBase/DatabaseHandler.swift; sourceTree = "<group>"; };
		FAFF37731E03421D001B2A8F /* DatabaseUser.swift */ = {isa = PBXFileReference; fileEncoding = 4; lastKnownFileType = sourcecode.swift; name = DatabaseUser.swift; path = DataBase/DatabaseUser.swift; sourceTree = "<group>"; };
		FAFF37761E034295001B2A8F /* Info.plist */ = {isa = PBXFileReference; fileEncoding = 4; lastKnownFileType = text.plist.xml; path = Info.plist; sourceTree = "<group>"; };
		FAFF377D1E034654001B2A8F /* Utils.swift */ = {isa = PBXFileReference; fileEncoding = 4; lastKnownFileType = sourcecode.swift; name = Utils.swift; path = Utils/Utils.swift; sourceTree = "<group>"; };
		FAFF37841E034678001B2A8F /* RABase.swift */ = {isa = PBXFileReference; fileEncoding = 4; lastKnownFileType = sourcecode.swift; name = RABase.swift; path = Network/RABase.swift; sourceTree = "<group>"; };
		FAFF378A1E03470F001B2A8F /* Gender.swift */ = {isa = PBXFileReference; fileEncoding = 4; lastKnownFileType = sourcecode.swift; name = Gender.swift; path = Enums/User/Gender.swift; sourceTree = "<group>"; };
		FAFF4EA11E5E4762006582C7 /* ExtensionString.swift */ = {isa = PBXFileReference; fileEncoding = 4; lastKnownFileType = sourcecode.swift; name = ExtensionString.swift; path = Extensions/Utils/ExtensionString.swift; sourceTree = "<group>"; };
		FAFF4EA31E5E4827006582C7 /* ExtensionDBUser.swift */ = {isa = PBXFileReference; fileEncoding = 4; lastKnownFileType = sourcecode.swift; name = ExtensionDBUser.swift; path = Extensions/Models/User/ExtensionDBUser.swift; sourceTree = "<group>"; };
/* End PBXFileReference section */

/* Begin PBXFrameworksBuildPhase section */
		FAFF37201E03402F001B2A8F /* Frameworks */ = {
			isa = PBXFrameworksBuildPhase;
			buildActionMask = 2147483647;
			files = (
				FA1DB8A21E0349FE00C8E437 /* MapKit.framework in Frameworks */,
				C74D67E6E1D3CCD69BC76140 /* Pods_Nightline.framework in Frameworks */,
			);
			runOnlyForDeploymentPostprocessing = 0;
		};
		FAFF37371E03402F001B2A8F /* Frameworks */ = {
			isa = PBXFrameworksBuildPhase;
			buildActionMask = 2147483647;
			files = (
				FF48EB7092FAEE04942E0A95 /* Pods_NightlineTests.framework in Frameworks */,
			);
			runOnlyForDeploymentPostprocessing = 0;
		};
		FAFF37421E03402F001B2A8F /* Frameworks */ = {
			isa = PBXFrameworksBuildPhase;
			buildActionMask = 2147483647;
			files = (
				13153B87D1A4FBCA3E3D1A5D /* Pods_NightlineUITests.framework in Frameworks */,
			);
			runOnlyForDeploymentPostprocessing = 0;
		};
/* End PBXFrameworksBuildPhase section */

/* Begin PBXGroup section */
		ADBA09A3967E21B2C7F42E63 /* Pods */ = {
			isa = PBXGroup;
			children = (
				10B2518230708D05E98AAC84 /* Pods-Nightline.debug.xcconfig */,
				328F72EDC5BFFCEBDCA6C9C6 /* Pods-Nightline.release.xcconfig */,
				52AC7CFB957CAC0F9B1438C7 /* Pods-NightlineTests.debug.xcconfig */,
				27EDDB266E82A3DBD059EDE1 /* Pods-NightlineTests.release.xcconfig */,
				4D29CABD4DA5A77DCF782125 /* Pods-NightlineUITests.debug.xcconfig */,
				09181AECF5AEFBFD7A64E763 /* Pods-NightlineUITests.release.xcconfig */,
			);
			name = Pods;
			sourceTree = "<group>";
		};
		D79DDBCA71922E6E1A0DF5C4 /* Frameworks */ = {
			isa = PBXGroup;
			children = (
				FA1DB8A11E0349FE00C8E437 /* MapKit.framework */,
				26C36C169BD3522DEAF49DFA /* Pods_Nightline.framework */,
				1D1741672ABE52DE35C2BE67 /* Pods_NightlineTests.framework */,
				82BFAD513DB6A99D8312DCE7 /* Pods_NightlineUITests.framework */,
			);
			name = Frameworks;
			sourceTree = "<group>";
		};
		FA303F631E5D1C44008961EF /* Parties */ = {
			isa = PBXGroup;
			children = (
				FA303F641E5D1C75008961EF /* ExtensionMarker.swift */,
			);
			name = Parties;
			sourceTree = "<group>";
		};
		FA303F681E5D1E9A008961EF /* User */ = {
			isa = PBXGroup;
			children = (
				FA303F691E5D1EAE008961EF /* ExtensionUser.swift */,
				FA303F6B1E5D1F26008961EF /* ExtensionUserPreferences.swift */,
				FAFF4EA31E5E4827006582C7 /* ExtensionDBUser.swift */,
			);
			name = User;
			sourceTree = "<group>";
		};
		FA3A6D2B1E833D7E008489F2 /* Parties */ = {
			isa = PBXGroup;
			children = (
				FA3A6D2C1E833D97008489F2 /* EtablishementViewController.swift */,
				FAB8B8231E8420B700D11755 /* EtablishmentMenuViewController.swift */,
			);
			name = Parties;
			sourceTree = "<group>";
		};
		FA3AA1671E576FAF002CF4FC /* UserPreferences */ = {
			isa = PBXGroup;
			children = (
				FA3AA1691E576FCD002CF4FC /* Consommation.swift */,
				FA3AA16A1E576FCD002CF4FC /* Etablishments.swift */,
			);
			name = UserPreferences;
			sourceTree = "<group>";
		};
		FA3AA1681E576FB6002CF4FC /* MapFilters */ = {
			isa = PBXGroup;
			children = (
				FA33BF501E57ECFD0037FC88 /* PersonFilter.swift */,
				FA5C2A901E5A4FFC00A0CB56 /* EventType.swift */,
				FA5C2AA71E5A5B3000A0CB56 /* GroupType.swift */,
			);
			name = MapFilters;
			sourceTree = "<group>";
		};
		FA3AA16D1E5770F0002CF4FC /* Home */ = {
			isa = PBXGroup;
			children = (
				FA3AA16E1E577106002CF4FC /* HomeViewController.swift */,
				FA3AA16F1E577106002CF4FC /* SigninViewController.swift */,
				FA3AA1701E577106002CF4FC /* SignUpViewController.swift */,
			);
			name = Home;
			sourceTree = "<group>";
		};
		FA3AA1741E57712F002CF4FC /* Map */ = {
			isa = PBXGroup;
			children = (
				FA3AA1751E577137002CF4FC /* MainViewController.swift */,
			);
			name = Map;
			sourceTree = "<group>";
		};
		FA3AA1771E577140002CF4FC /* Settings */ = {
			isa = PBXGroup;
			children = (
				FA3AA17E1E577164002CF4FC /* CustomCells */,
				FA3AA1781E577153002CF4FC /* ConsommationTableViewController.swift */,
				FA3AA1791E577153002CF4FC /* EtablishmentTableViewController.swift */,
				FA3AA17A1E577153002CF4FC /* UserSettingsTableViewController.swift */,
			);
			name = Settings;
			sourceTree = "<group>";
		};
		FA3AA17E1E577164002CF4FC /* CustomCells */ = {
			isa = PBXGroup;
			children = (
				FA3AA17F1E57716E002CF4FC /* UserProfileCell.swift */,
			);
			name = CustomCells;
			sourceTree = "<group>";
		};
		FA3AA1811E57717D002CF4FC /* TabBar */ = {
			isa = PBXGroup;
			children = (
				FA3AA1821E57718B002CF4FC /* TabBarController.swift */,
			);
			name = TabBar;
			sourceTree = "<group>";
		};
		FA3AA1841E57719B002CF4FC /* User */ = {
			isa = PBXGroup;
			children = (
				FADF25C61E87367900E74439 /* CustomCell */,
				FA3AA1851E5771A8002CF4FC /* EditProfileViewController.swift */,
				FA3AA1861E5771A8002CF4FC /* UserProfileViewController.swift */,
				FAAC43C91E861C8700CEF9CA /* UserFriendsListTableViewController.swift */,
				FADF25CB1E874C1B00E74439 /* UserAchievementsListCollectionViewController.swift */,
			);
			name = User;
			sourceTree = "<group>";
		};
		FA3AA1891E5771EF002CF4FC /* Manager */ = {
			isa = PBXGroup;
			children = (
				FA3AA18A1E57720F002CF4FC /* TokenWrapper.swift */,
				FA3AA18B1E57720F002CF4FC /* UserManager.swift */,
				FA5C2AAB1E5A5D0E00A0CB56 /* MapFilterManager.swift */,
				FADF25CF1E8767F800E74439 /* AchievementManager.swift */,
			);
			name = Manager;
			sourceTree = "<group>";
		};
		FA3AA1951E577417002CF4FC /* Extension */ = {
			isa = PBXGroup;
			children = (
				FAFF4EA01E5E4736006582C7 /* Utils */,
				FA5C2A941E5A516000A0CB56 /* Models */,
				FA5C2A931E5A515C00A0CB56 /* Enums */,
				FA5C2A921E5A515100A0CB56 /* UI */,
			);
			name = Extension;
			sourceTree = "<group>";
		};
		FA3BFCDD1E039DC600A72B5F /* Models */ = {
			isa = PBXGroup;
			children = (
				FA75ADA51E4BB9820078FFE9 /* Parties */,
				FA75ADA41E4BB97C0078FFE9 /* User */,
			);
			name = Models;
			sourceTree = "<group>";
		};
		FA5729811E5CFBBC00B36784 /* Routes */ = {
			isa = PBXGroup;
			children = (
				FA5729821E5CFBE800B36784 /* RoutesAPI.swift */,
			);
			name = Routes;
			sourceTree = "<group>";
		};
		FA5C2A921E5A515100A0CB56 /* UI */ = {
			isa = PBXGroup;
			children = (
				FA5C2A951E5A519700A0CB56 /* UIColorExtension.swift */,
				FA5C2A961E5A519700A0CB56 /* UIImageViewExtension.swift */,
				FA5C2A971E5A519700A0CB56 /* UITableViewCellExtension.swift */,
				FA5C2A981E5A519700A0CB56 /* UITextFieldExtension.swift */,
				FA5C2A991E5A519700A0CB56 /* UIViewControllerExtension.swift */,
			);
			name = UI;
			sourceTree = "<group>";
		};
		FA5C2A931E5A515C00A0CB56 /* Enums */ = {
			isa = PBXGroup;
			children = (
				FA5C2A9F1E5A51B300A0CB56 /* ExtensionConsommation.swift */,
				FA5C2AA11E5A57FD00A0CB56 /* ExtensionPersonType.swift */,
				FA5C2AA31E5A5ACE00A0CB56 /* ExtensionEventType.swift */,
				FA5C2AA51E5A5AF800A0CB56 /* ExtensionEtablishments.swift */,
				FA5C2AA91E5A5B6F00A0CB56 /* ExtensionGroupType.swift */,
				FA5729851E5CFC7A00B36784 /* ExtensionRoutesAPI.swift */,
				FA303F6D1E5D23A1008961EF /* ExtensionGender.swift */,
			);
			name = Enums;
			sourceTree = "<group>";
		};
		FA5C2A941E5A516000A0CB56 /* Models */ = {
			isa = PBXGroup;
			children = (
				FA303F681E5D1E9A008961EF /* User */,
				FA303F631E5D1C44008961EF /* Parties */,
				FAF0A6C91E876F3E00C2ED18 /* ExtensionInt.swift */,
			);
			name = Models;
			sourceTree = "<group>";
		};
		FA75ADA41E4BB97C0078FFE9 /* User */ = {
			isa = PBXGroup;
			children = (
				FA75ADAA1E4BBA2B0078FFE9 /* User.swift */,
				FAFBF8071E55539B003AF68E /* UserPreferences.swift */,
			);
			name = User;
			sourceTree = "<group>";
		};
		FA75ADA51E4BB9820078FFE9 /* Parties */ = {
			isa = PBXGroup;
			children = (
				FA75ADAC1E4BBBA80078FFE9 /* Marker.swift */,
				FADF25C91E8746EE00E74439 /* Achievments.swift */,
			);
			name = Parties;
			sourceTree = "<group>";
		};
		FA75ADAE1E4CE3B00078FFE9 /* CustomCells */ = {
			isa = PBXGroup;
			children = (
				FA75ADAF1E4CE3F80078FFE9 /* Settings */,
			);
			name = CustomCells;
			sourceTree = "<group>";
		};
		FA75ADAF1E4CE3F80078FFE9 /* Settings */ = {
			isa = PBXGroup;
			children = (
				FA75ADB01E4CE42B0078FFE9 /* SettingsCell.swift */,
			);
			name = Settings;
			sourceTree = "<group>";
		};
		FA75ADB61E4D301F0078FFE9 /* Parties */ = {
			isa = PBXGroup;
			children = (
				FA3AA1681E576FB6002CF4FC /* MapFilters */,
				FA3AA1671E576FAF002CF4FC /* UserPreferences */,
			);
			name = Parties;
			sourceTree = "<group>";
		};
		FADF25C61E87367900E74439 /* CustomCell */ = {
			isa = PBXGroup;
			children = (
				FADF25C71E8736B100E74439 /* UserFriendsListTableViewCell.swift */,
				FADF25CD1E875A4800E74439 /* UserAchievementsListTableViewCell.swift */,
			);
			name = CustomCell;
			sourceTree = "<group>";
		};
		FAFBF8041E555117003AF68E /* Protocols */ = {
			isa = PBXGroup;
			children = (
				FAFBF8051E55513B003AF68E /* ModelsProtocol.swift */,
				FA57297F1E5CFB6B00B36784 /* RoutableProtocol.swift */,
				FA303F661E5D1D18008961EF /* ImageableProtocol.swift */,
			);
			name = Protocols;
			sourceTree = "<group>";
		};
		FAFF371A1E03402F001B2A8F = {
			isa = PBXGroup;
			children = (
				FAFF37251E03402F001B2A8F /* Nightline */,
				FAFF373D1E03402F001B2A8F /* NightlineTests */,
				FAFF37481E03402F001B2A8F /* NightlineUITests */,
				FAFF37241E03402F001B2A8F /* Products */,
				D79DDBCA71922E6E1A0DF5C4 /* Frameworks */,
				ADBA09A3967E21B2C7F42E63 /* Pods */,
			);
			sourceTree = "<group>";
		};
		FAFF37241E03402F001B2A8F /* Products */ = {
			isa = PBXGroup;
			children = (
				FAFF37231E03402F001B2A8F /* Nightline.app */,
				FAFF373A1E03402F001B2A8F /* NightlineTests.xctest */,
				FAFF37451E03402F001B2A8F /* NightlineUITests.xctest */,
			);
			name = Products;
			sourceTree = "<group>";
		};
		FAFF37251E03402F001B2A8F /* Nightline */ = {
			isa = PBXGroup;
			children = (
				FA1DB89D1E03495E00C8E437 /* R.generated.swift */,
				FA1DB8A71E034CEA00C8E437 /* Localizable.strings */,
				FAFF37571E034073001B2A8F /* AppDelegate.swift */,
				FA1DB8A91E03534A00C8E437 /* Nightline.entitlements */,
				FAFF37301E03402F001B2A8F /* Assets.xcassets */,
				FA3AA1951E577417002CF4FC /* Extension */,
				FA3AA1891E5771EF002CF4FC /* Manager */,
				FAFBF8041E555117003AF68E /* Protocols */,
				FA3BFCDD1E039DC600A72B5F /* Models */,
				FAFF37881E034703001B2A8F /* Enums */,
				FAFF37831E034671001B2A8F /* Network */,
				FAFF377A1E034646001B2A8F /* Utils */,
				FAFF37711E034211001B2A8F /* Database */,
				FAFF375D1E0340B7001B2A8F /* Constants */,
				FAFF37621E034137001B2A8F /* Controllers */,
				FAFF37761E034295001B2A8F /* Info.plist */,
				FA19110F1E9D977F006CD5E2 /* GoogleService-Info.plist */,
				FAFF372D1E03402F001B2A8F /* Nightline.xcdatamodeld */,
			);
			path = Nightline;
			sourceTree = "<group>";
		};
		FAFF373D1E03402F001B2A8F /* NightlineTests */ = {
			isa = PBXGroup;
			children = (
				FAFF373E1E03402F001B2A8F /* NightlineTests.swift */,
				FAFF37401E03402F001B2A8F /* Info.plist */,
			);
			path = NightlineTests;
			sourceTree = "<group>";
		};
		FAFF37481E03402F001B2A8F /* NightlineUITests */ = {
			isa = PBXGroup;
			children = (
				FAFF37491E03402F001B2A8F /* NightlineUITests.swift */,
				FAFF374B1E03402F001B2A8F /* Info.plist */,
			);
			path = NightlineUITests;
			sourceTree = "<group>";
		};
		FAFF375D1E0340B7001B2A8F /* Constants */ = {
			isa = PBXGroup;
			children = (
				FAFF375E1E0340C0001B2A8F /* AppConstant.swift */,
			);
			name = Constants;
			sourceTree = "<group>";
		};
		FAFF37621E034137001B2A8F /* Controllers */ = {
			isa = PBXGroup;
			children = (
				FA3A6D2B1E833D7E008489F2 /* Parties */,
				FA3AA1841E57719B002CF4FC /* User */,
				FA3AA1811E57717D002CF4FC /* TabBar */,
				FA3AA1771E577140002CF4FC /* Settings */,
				FA3AA1741E57712F002CF4FC /* Map */,
				FA3AA16D1E5770F0002CF4FC /* Home */,
				FAFF37631E034147001B2A8F /* BaseViewController.swift */,
				FAAC43C71E85BA2100CEF9CA /* ProfileViewController.swift */,
			);
			name = Controllers;
			sourceTree = "<group>";
		};
		FAFF37711E034211001B2A8F /* Database */ = {
			isa = PBXGroup;
			children = (
				FAFF37721E03421D001B2A8F /* DatabaseHandler.swift */,
				FAFF37731E03421D001B2A8F /* DatabaseUser.swift */,
			);
			name = Database;
			sourceTree = "<group>";
		};
		FAFF377A1E034646001B2A8F /* Utils */ = {
			isa = PBXGroup;
			children = (
				FAFF377D1E034654001B2A8F /* Utils.swift */,
				FAFBF8001E554C7B003AF68E /* Animation.swift */,
				FAFBF8021E554EC0003AF68E /* Plist.swift */,
				FA42C9281E56B50100C6B1C8 /* AlertUtils.swift */,
			);
			name = Utils;
			sourceTree = "<group>";
		};
		FAFF37831E034671001B2A8F /* Network */ = {
			isa = PBXGroup;
			children = (
				FAFF37841E034678001B2A8F /* RABase.swift */,
				FA78B71A1E56978600765056 /* RAUser.swift */,
			);
			name = Network;
			sourceTree = "<group>";
		};
		FAFF37881E034703001B2A8F /* Enums */ = {
			isa = PBXGroup;
			children = (
				FA5729811E5CFBBC00B36784 /* Routes */,
				FA75ADB61E4D301F0078FFE9 /* Parties */,
				FA75ADAE1E4CE3B00078FFE9 /* CustomCells */,
				FAFF37891E034709001B2A8F /* User */,
			);
			name = Enums;
			sourceTree = "<group>";
		};
		FAFF37891E034709001B2A8F /* User */ = {
			isa = PBXGroup;
			children = (
				FAFF378A1E03470F001B2A8F /* Gender.swift */,
			);
			name = User;
			sourceTree = "<group>";
		};
		FAFF4EA01E5E4736006582C7 /* Utils */ = {
			isa = PBXGroup;
			children = (
				FAFF4EA11E5E4762006582C7 /* ExtensionString.swift */,
			);
			name = Utils;
			sourceTree = "<group>";
		};
/* End PBXGroup section */

/* Begin PBXNativeTarget section */
		FAFF37221E03402F001B2A8F /* Nightline */ = {
			isa = PBXNativeTarget;
			buildConfigurationList = FAFF374E1E03402F001B2A8F /* Build configuration list for PBXNativeTarget "Nightline" */;
			buildPhases = (
				E941FD410B91EC275278F3A8 /* [CP] Check Pods Manifest.lock */,
				FA1DB89C1E03484100C8E437 /* ShellScript */,
				FAFF371F1E03402F001B2A8F /* Sources */,
				FAFF37201E03402F001B2A8F /* Frameworks */,
				FAFF37211E03402F001B2A8F /* Resources */,
				944B8C6E5DD53CC04C91C05B /* [CP] Embed Pods Frameworks */,
				28BCAAB526666702FAD8D64A /* [CP] Copy Pods Resources */,
			);
			buildRules = (
			);
			dependencies = (
			);
			name = Nightline;
			productName = Nightline;
			productReference = FAFF37231E03402F001B2A8F /* Nightline.app */;
			productType = "com.apple.product-type.application";
		};
		FAFF37391E03402F001B2A8F /* NightlineTests */ = {
			isa = PBXNativeTarget;
			buildConfigurationList = FAFF37511E034030001B2A8F /* Build configuration list for PBXNativeTarget "NightlineTests" */;
			buildPhases = (
				B57070213690A124FF6C4D9F /* [CP] Check Pods Manifest.lock */,
				FAFF37361E03402F001B2A8F /* Sources */,
				FAFF37371E03402F001B2A8F /* Frameworks */,
				FAFF37381E03402F001B2A8F /* Resources */,
				B10EB4CD345ABB2F9B7DDA97 /* [CP] Embed Pods Frameworks */,
				D0F8F11D0FA508DD3D55F8BD /* [CP] Copy Pods Resources */,
			);
			buildRules = (
			);
			dependencies = (
				FAFF373C1E03402F001B2A8F /* PBXTargetDependency */,
			);
			name = NightlineTests;
			productName = NightlineTests;
			productReference = FAFF373A1E03402F001B2A8F /* NightlineTests.xctest */;
			productType = "com.apple.product-type.bundle.unit-test";
		};
		FAFF37441E03402F001B2A8F /* NightlineUITests */ = {
			isa = PBXNativeTarget;
			buildConfigurationList = FAFF37541E034030001B2A8F /* Build configuration list for PBXNativeTarget "NightlineUITests" */;
			buildPhases = (
				AAD30DCF174DC63776B0FC0A /* [CP] Check Pods Manifest.lock */,
				FAFF37411E03402F001B2A8F /* Sources */,
				FAFF37421E03402F001B2A8F /* Frameworks */,
				FAFF37431E03402F001B2A8F /* Resources */,
				0EBC90486B63E53A8120D923 /* [CP] Embed Pods Frameworks */,
				C00BF38E3191F2D7D869E299 /* [CP] Copy Pods Resources */,
			);
			buildRules = (
			);
			dependencies = (
				FAFF37471E03402F001B2A8F /* PBXTargetDependency */,
			);
			name = NightlineUITests;
			productName = NightlineUITests;
			productReference = FAFF37451E03402F001B2A8F /* NightlineUITests.xctest */;
			productType = "com.apple.product-type.bundle.ui-testing";
		};
/* End PBXNativeTarget section */

/* Begin PBXProject section */
		FAFF371B1E03402F001B2A8F /* Project object */ = {
			isa = PBXProject;
			attributes = {
				LastSwiftUpdateCheck = 0820;
				LastUpgradeCheck = 0820;
				ORGANIZATIONNAME = "Odet Alexandre";
				TargetAttributes = {
					FAFF37221E03402F001B2A8F = {
						CreatedOnToolsVersion = 8.2;
						DevelopmentTeam = 97AYAAKHJ8;
						LastSwiftMigration = 0820;
						ProvisioningStyle = Automatic;
						SystemCapabilities = {
							com.apple.Keychain = {
								enabled = 1;
							};
							com.apple.Maps.iOS = {
								enabled = 1;
							};
						};
					};
					FAFF37391E03402F001B2A8F = {
						CreatedOnToolsVersion = 8.2;
						DevelopmentTeam = 97AYAAKHJ8;
						ProvisioningStyle = Automatic;
						TestTargetID = FAFF37221E03402F001B2A8F;
					};
					FAFF37441E03402F001B2A8F = {
						CreatedOnToolsVersion = 8.2;
						DevelopmentTeam = 97AYAAKHJ8;
						ProvisioningStyle = Automatic;
						TestTargetID = FAFF37221E03402F001B2A8F;
					};
				};
			};
			buildConfigurationList = FAFF371E1E03402F001B2A8F /* Build configuration list for PBXProject "Nightline" */;
			compatibilityVersion = "Xcode 3.2";
			developmentRegion = English;
			hasScannedForEncodings = 0;
			knownRegions = (
				en,
				Base,
			);
			mainGroup = FAFF371A1E03402F001B2A8F;
			productRefGroup = FAFF37241E03402F001B2A8F /* Products */;
			projectDirPath = "";
			projectRoot = "";
			targets = (
				FAFF37221E03402F001B2A8F /* Nightline */,
				FAFF37391E03402F001B2A8F /* NightlineTests */,
				FAFF37441E03402F001B2A8F /* NightlineUITests */,
			);
		};
/* End PBXProject section */

/* Begin PBXResourcesBuildPhase section */
		FAFF37211E03402F001B2A8F /* Resources */ = {
			isa = PBXResourcesBuildPhase;
			buildActionMask = 2147483647;
			files = (
				FA1DB8A51E034CEA00C8E437 /* Localizable.strings in Resources */,
				FAFF37311E03402F001B2A8F /* Assets.xcassets in Resources */,
				FA1911101E9D977F006CD5E2 /* GoogleService-Info.plist in Resources */,
			);
			runOnlyForDeploymentPostprocessing = 0;
		};
		FAFF37381E03402F001B2A8F /* Resources */ = {
			isa = PBXResourcesBuildPhase;
			buildActionMask = 2147483647;
			files = (
			);
			runOnlyForDeploymentPostprocessing = 0;
		};
		FAFF37431E03402F001B2A8F /* Resources */ = {
			isa = PBXResourcesBuildPhase;
			buildActionMask = 2147483647;
			files = (
			);
			runOnlyForDeploymentPostprocessing = 0;
		};
/* End PBXResourcesBuildPhase section */

/* Begin PBXShellScriptBuildPhase section */
		0EBC90486B63E53A8120D923 /* [CP] Embed Pods Frameworks */ = {
			isa = PBXShellScriptBuildPhase;
			buildActionMask = 2147483647;
			files = (
			);
			inputPaths = (
			);
			name = "[CP] Embed Pods Frameworks";
			outputPaths = (
			);
			runOnlyForDeploymentPostprocessing = 0;
			shellPath = /bin/sh;
			shellScript = "\"${SRCROOT}/Pods/Target Support Files/Pods-NightlineUITests/Pods-NightlineUITests-frameworks.sh\"\n";
			showEnvVarsInLog = 0;
		};
		28BCAAB526666702FAD8D64A /* [CP] Copy Pods Resources */ = {
			isa = PBXShellScriptBuildPhase;
			buildActionMask = 2147483647;
			files = (
			);
			inputPaths = (
			);
			name = "[CP] Copy Pods Resources";
			outputPaths = (
			);
			runOnlyForDeploymentPostprocessing = 0;
			shellPath = /bin/sh;
			shellScript = "\"${SRCROOT}/Pods/Target Support Files/Pods-Nightline/Pods-Nightline-resources.sh\"\n";
			showEnvVarsInLog = 0;
		};
		944B8C6E5DD53CC04C91C05B /* [CP] Embed Pods Frameworks */ = {
			isa = PBXShellScriptBuildPhase;
			buildActionMask = 2147483647;
			files = (
			);
			inputPaths = (
			);
			name = "[CP] Embed Pods Frameworks";
			outputPaths = (
			);
			runOnlyForDeploymentPostprocessing = 0;
			shellPath = /bin/sh;
			shellScript = "\"${SRCROOT}/Pods/Target Support Files/Pods-Nightline/Pods-Nightline-frameworks.sh\"\n";
			showEnvVarsInLog = 0;
		};
		AAD30DCF174DC63776B0FC0A /* [CP] Check Pods Manifest.lock */ = {
			isa = PBXShellScriptBuildPhase;
			buildActionMask = 2147483647;
			files = (
			);
			inputPaths = (
			);
			name = "[CP] Check Pods Manifest.lock";
			outputPaths = (
			);
			runOnlyForDeploymentPostprocessing = 0;
			shellPath = /bin/sh;
			shellScript = "diff \"${PODS_ROOT}/../Podfile.lock\" \"${PODS_ROOT}/Manifest.lock\" > /dev/null\nif [ $? != 0 ] ; then\n    # print error to STDERR\n    echo \"error: The sandbox is not in sync with the Podfile.lock. Run 'pod install' or update your CocoaPods installation.\" >&2\n    exit 1\nfi\n";
			showEnvVarsInLog = 0;
		};
		B10EB4CD345ABB2F9B7DDA97 /* [CP] Embed Pods Frameworks */ = {
			isa = PBXShellScriptBuildPhase;
			buildActionMask = 2147483647;
			files = (
			);
			inputPaths = (
			);
			name = "[CP] Embed Pods Frameworks";
			outputPaths = (
			);
			runOnlyForDeploymentPostprocessing = 0;
			shellPath = /bin/sh;
			shellScript = "\"${SRCROOT}/Pods/Target Support Files/Pods-NightlineTests/Pods-NightlineTests-frameworks.sh\"\n";
			showEnvVarsInLog = 0;
		};
		B57070213690A124FF6C4D9F /* [CP] Check Pods Manifest.lock */ = {
			isa = PBXShellScriptBuildPhase;
			buildActionMask = 2147483647;
			files = (
			);
			inputPaths = (
			);
			name = "[CP] Check Pods Manifest.lock";
			outputPaths = (
			);
			runOnlyForDeploymentPostprocessing = 0;
			shellPath = /bin/sh;
			shellScript = "diff \"${PODS_ROOT}/../Podfile.lock\" \"${PODS_ROOT}/Manifest.lock\" > /dev/null\nif [ $? != 0 ] ; then\n    # print error to STDERR\n    echo \"error: The sandbox is not in sync with the Podfile.lock. Run 'pod install' or update your CocoaPods installation.\" >&2\n    exit 1\nfi\n";
			showEnvVarsInLog = 0;
		};
		C00BF38E3191F2D7D869E299 /* [CP] Copy Pods Resources */ = {
			isa = PBXShellScriptBuildPhase;
			buildActionMask = 2147483647;
			files = (
			);
			inputPaths = (
			);
			name = "[CP] Copy Pods Resources";
			outputPaths = (
			);
			runOnlyForDeploymentPostprocessing = 0;
			shellPath = /bin/sh;
			shellScript = "\"${SRCROOT}/Pods/Target Support Files/Pods-NightlineUITests/Pods-NightlineUITests-resources.sh\"\n";
			showEnvVarsInLog = 0;
		};
		D0F8F11D0FA508DD3D55F8BD /* [CP] Copy Pods Resources */ = {
			isa = PBXShellScriptBuildPhase;
			buildActionMask = 2147483647;
			files = (
			);
			inputPaths = (
			);
			name = "[CP] Copy Pods Resources";
			outputPaths = (
			);
			runOnlyForDeploymentPostprocessing = 0;
			shellPath = /bin/sh;
			shellScript = "\"${SRCROOT}/Pods/Target Support Files/Pods-NightlineTests/Pods-NightlineTests-resources.sh\"\n";
			showEnvVarsInLog = 0;
		};
		E941FD410B91EC275278F3A8 /* [CP] Check Pods Manifest.lock */ = {
			isa = PBXShellScriptBuildPhase;
			buildActionMask = 2147483647;
			files = (
			);
			inputPaths = (
			);
			name = "[CP] Check Pods Manifest.lock";
			outputPaths = (
			);
			runOnlyForDeploymentPostprocessing = 0;
			shellPath = /bin/sh;
			shellScript = "diff \"${PODS_ROOT}/../Podfile.lock\" \"${PODS_ROOT}/Manifest.lock\" > /dev/null\nif [ $? != 0 ] ; then\n    # print error to STDERR\n    echo \"error: The sandbox is not in sync with the Podfile.lock. Run 'pod install' or update your CocoaPods installation.\" >&2\n    exit 1\nfi\n";
			showEnvVarsInLog = 0;
		};
		FA1DB89C1E03484100C8E437 /* ShellScript */ = {
			isa = PBXShellScriptBuildPhase;
			buildActionMask = 2147483647;
			files = (
			);
			inputPaths = (
			);
			outputPaths = (
			);
			runOnlyForDeploymentPostprocessing = 0;
			shellPath = /bin/sh;
			shellScript = "\"$PODS_ROOT/R.swift/rswift\" \"$SRCROOT\"";
		};
/* End PBXShellScriptBuildPhase section */

/* Begin PBXSourcesBuildPhase section */
		FAFF371F1E03402F001B2A8F /* Sources */ = {
			isa = PBXSourcesBuildPhase;
			buildActionMask = 2147483647;
			files = (
				FA5C2AA41E5A5ACE00A0CB56 /* ExtensionEventType.swift in Sources */,
				FA3AA1801E57716E002CF4FC /* UserProfileCell.swift in Sources */,
				FA303F6E1E5D23A1008961EF /* ExtensionGender.swift in Sources */,
				FA3AA1711E577106002CF4FC /* HomeViewController.swift in Sources */,
				FAFBF8031E554EC0003AF68E /* Plist.swift in Sources */,
				FAF0A6CA1E876F3E00C2ED18 /* ExtensionInt.swift in Sources */,
				FA5C2AAA1E5A5B6F00A0CB56 /* ExtensionGroupType.swift in Sources */,
				FA5C2A9C1E5A519700A0CB56 /* UITableViewCellExtension.swift in Sources */,
				FADF25D01E8767F800E74439 /* AchievementManager.swift in Sources */,
				FA5C2A9E1E5A519700A0CB56 /* UIViewControllerExtension.swift in Sources */,
				FAFBF8081E55539B003AF68E /* UserPreferences.swift in Sources */,
				FA75ADB11E4CE42B0078FFE9 /* SettingsCell.swift in Sources */,
				FA3AA1731E577106002CF4FC /* SignUpViewController.swift in Sources */,
				FA3AA1761E577137002CF4FC /* MainViewController.swift in Sources */,
				FA3AA16B1E576FCD002CF4FC /* Consommation.swift in Sources */,
				FA5C2AA01E5A51B300A0CB56 /* ExtensionConsommation.swift in Sources */,
				FA5C2A9A1E5A519700A0CB56 /* UIColorExtension.swift in Sources */,
				FA3AA1871E5771A8002CF4FC /* EditProfileViewController.swift in Sources */,
				FA5C2AA61E5A5AF800A0CB56 /* ExtensionEtablishments.swift in Sources */,
				FA5C2AAC1E5A5D0E00A0CB56 /* MapFilterManager.swift in Sources */,
				FA5729861E5CFC7A00B36784 /* ExtensionRoutesAPI.swift in Sources */,
				FA5729801E5CFB6B00B36784 /* RoutableProtocol.swift in Sources */,
				FAFF4EA41E5E4827006582C7 /* ExtensionDBUser.swift in Sources */,
				FAAC43C81E85BA2100CEF9CA /* ProfileViewController.swift in Sources */,
				FA5C2A911E5A4FFC00A0CB56 /* EventType.swift in Sources */,
				FAFF37801E034654001B2A8F /* Utils.swift in Sources */,
				FADF25CE1E875A4800E74439 /* UserAchievementsListTableViewCell.swift in Sources */,
				FA75ADAD1E4BBBA80078FFE9 /* Marker.swift in Sources */,
				FA303F6C1E5D1F26008961EF /* ExtensionUserPreferences.swift in Sources */,
				FAFBF8061E55513B003AF68E /* ModelsProtocol.swift in Sources */,
				FAFF375F1E0340C0001B2A8F /* AppConstant.swift in Sources */,
				FADF25C81E8736B100E74439 /* UserFriendsListTableViewCell.swift in Sources */,
				FAFF4EA21E5E4762006582C7 /* ExtensionString.swift in Sources */,
				FA3AA1881E5771A8002CF4FC /* UserProfileViewController.swift in Sources */,
				FA1DB89E1E03495E00C8E437 /* R.generated.swift in Sources */,
				FA3AA18D1E57720F002CF4FC /* UserManager.swift in Sources */,
				FAFF37741E03421D001B2A8F /* DatabaseHandler.swift in Sources */,
				FA78B71B1E56978600765056 /* RAUser.swift in Sources */,
				FADF25CA1E8746EE00E74439 /* Achievments.swift in Sources */,
				FA3AA16C1E576FCD002CF4FC /* Etablishments.swift in Sources */,
				FA5C2AA21E5A57FD00A0CB56 /* ExtensionPersonType.swift in Sources */,
				FA3AA1721E577106002CF4FC /* SigninViewController.swift in Sources */,
				FADF25CC1E874C1B00E74439 /* UserAchievementsListCollectionViewController.swift in Sources */,
				FA5C2A9B1E5A519700A0CB56 /* UIImageViewExtension.swift in Sources */,
				FA5729831E5CFBE800B36784 /* RoutesAPI.swift in Sources */,
				FAFF37751E03421D001B2A8F /* DatabaseUser.swift in Sources */,
				FAB8B8241E8420B700D11755 /* EtablishmentMenuViewController.swift in Sources */,
				FA5C2A9D1E5A519700A0CB56 /* UITextFieldExtension.swift in Sources */,
				FA42C9291E56B50100C6B1C8 /* AlertUtils.swift in Sources */,
				FA3A6D2D1E833D97008489F2 /* EtablishementViewController.swift in Sources */,
				FA3AA17C1E577153002CF4FC /* EtablishmentTableViewController.swift in Sources */,
				FA5C2AA81E5A5B3000A0CB56 /* GroupType.swift in Sources */,
				FA3AA17D1E577153002CF4FC /* UserSettingsTableViewController.swift in Sources */,
				FA303F6A1E5D1EAE008961EF /* ExtensionUser.swift in Sources */,
				FA3AA1831E57718B002CF4FC /* TabBarController.swift in Sources */,
				FAFBF8011E554C7B003AF68E /* Animation.swift in Sources */,
				FAFF37691E034147001B2A8F /* BaseViewController.swift in Sources */,
				FA303F671E5D1D18008961EF /* ImageableProtocol.swift in Sources */,
				FA303F651E5D1C75008961EF /* ExtensionMarker.swift in Sources */,
				FAFF378B1E03470F001B2A8F /* Gender.swift in Sources */,
				FAAC43CA1E861C8700CEF9CA /* UserFriendsListTableViewController.swift in Sources */,
				FAFF37581E034073001B2A8F /* AppDelegate.swift in Sources */,
				FA33BF511E57ECFD0037FC88 /* PersonFilter.swift in Sources */,
				FA3AA18C1E57720F002CF4FC /* TokenWrapper.swift in Sources */,
				FAFF372F1E03402F001B2A8F /* Nightline.xcdatamodeld in Sources */,
				FAFF37851E034678001B2A8F /* RABase.swift in Sources */,
				FA75ADAB1E4BBA2B0078FFE9 /* User.swift in Sources */,
				FA3AA17B1E577153002CF4FC /* ConsommationTableViewController.swift in Sources */,
			);
			runOnlyForDeploymentPostprocessing = 0;
		};
		FAFF37361E03402F001B2A8F /* Sources */ = {
			isa = PBXSourcesBuildPhase;
			buildActionMask = 2147483647;
			files = (
				FAFF373F1E03402F001B2A8F /* NightlineTests.swift in Sources */,
			);
			runOnlyForDeploymentPostprocessing = 0;
		};
		FAFF37411E03402F001B2A8F /* Sources */ = {
			isa = PBXSourcesBuildPhase;
			buildActionMask = 2147483647;
			files = (
				FAFF374A1E03402F001B2A8F /* NightlineUITests.swift in Sources */,
			);
			runOnlyForDeploymentPostprocessing = 0;
		};
/* End PBXSourcesBuildPhase section */

/* Begin PBXTargetDependency section */
		FAFF373C1E03402F001B2A8F /* PBXTargetDependency */ = {
			isa = PBXTargetDependency;
			target = FAFF37221E03402F001B2A8F /* Nightline */;
			targetProxy = FAFF373B1E03402F001B2A8F /* PBXContainerItemProxy */;
		};
		FAFF37471E03402F001B2A8F /* PBXTargetDependency */ = {
			isa = PBXTargetDependency;
			target = FAFF37221E03402F001B2A8F /* Nightline */;
			targetProxy = FAFF37461E03402F001B2A8F /* PBXContainerItemProxy */;
		};
/* End PBXTargetDependency section */

/* Begin PBXVariantGroup section */
		FA1DB8A71E034CEA00C8E437 /* Localizable.strings */ = {
			isa = PBXVariantGroup;
			children = (
				FA1DB8A61E034CEA00C8E437 /* fr */,
				FA1DB8A81E034CEF00C8E437 /* en */,
			);
			name = Localizable.strings;
			path = ..;
			sourceTree = "<group>";
		};
/* End PBXVariantGroup section */

/* Begin XCBuildConfiguration section */
		FAFF374C1E03402F001B2A8F /* Debug */ = {
			isa = XCBuildConfiguration;
			buildSettings = {
				ALWAYS_SEARCH_USER_PATHS = NO;
				CLANG_ANALYZER_LOCALIZABILITY_NONLOCALIZED = YES;
				CLANG_ANALYZER_NONNULL = YES;
				CLANG_CXX_LANGUAGE_STANDARD = "gnu++0x";
				CLANG_CXX_LIBRARY = "libc++";
				CLANG_ENABLE_MODULES = YES;
				CLANG_ENABLE_OBJC_ARC = YES;
				CLANG_WARN_BOOL_CONVERSION = YES;
				CLANG_WARN_CONSTANT_CONVERSION = YES;
				CLANG_WARN_DIRECT_OBJC_ISA_USAGE = YES_ERROR;
				CLANG_WARN_DOCUMENTATION_COMMENTS = YES;
				CLANG_WARN_EMPTY_BODY = YES;
				CLANG_WARN_ENUM_CONVERSION = YES;
				CLANG_WARN_INFINITE_RECURSION = YES;
				CLANG_WARN_INT_CONVERSION = YES;
				CLANG_WARN_OBJC_ROOT_CLASS = YES_ERROR;
				CLANG_WARN_SUSPICIOUS_MOVE = YES;
				CLANG_WARN_UNREACHABLE_CODE = YES;
				CLANG_WARN__DUPLICATE_METHOD_MATCH = YES;
				"CODE_SIGN_IDENTITY[sdk=iphoneos*]" = "iPhone Developer";
				COPY_PHASE_STRIP = NO;
				DEBUG_INFORMATION_FORMAT = dwarf;
				ENABLE_STRICT_OBJC_MSGSEND = YES;
				ENABLE_TESTABILITY = YES;
				GCC_C_LANGUAGE_STANDARD = gnu99;
				GCC_DYNAMIC_NO_PIC = NO;
				GCC_NO_COMMON_BLOCKS = YES;
				GCC_OPTIMIZATION_LEVEL = 0;
				GCC_PREPROCESSOR_DEFINITIONS = (
					"DEBUG=1",
					"$(inherited)",
				);
				GCC_WARN_64_TO_32_BIT_CONVERSION = YES;
				GCC_WARN_ABOUT_RETURN_TYPE = YES_ERROR;
				GCC_WARN_UNDECLARED_SELECTOR = YES;
				GCC_WARN_UNINITIALIZED_AUTOS = YES_AGGRESSIVE;
				GCC_WARN_UNUSED_FUNCTION = YES;
				GCC_WARN_UNUSED_VARIABLE = YES;
				IPHONEOS_DEPLOYMENT_TARGET = 10.2;
				MTL_ENABLE_DEBUG_INFO = YES;
				ONLY_ACTIVE_ARCH = YES;
				SDKROOT = iphoneos;
				SWIFT_ACTIVE_COMPILATION_CONDITIONS = DEBUG;
				SWIFT_OPTIMIZATION_LEVEL = "-Onone";
				TARGETED_DEVICE_FAMILY = "1,2";
			};
			name = Debug;
		};
		FAFF374D1E03402F001B2A8F /* Release */ = {
			isa = XCBuildConfiguration;
			buildSettings = {
				ALWAYS_SEARCH_USER_PATHS = NO;
				CLANG_ANALYZER_LOCALIZABILITY_NONLOCALIZED = YES;
				CLANG_ANALYZER_NONNULL = YES;
				CLANG_CXX_LANGUAGE_STANDARD = "gnu++0x";
				CLANG_CXX_LIBRARY = "libc++";
				CLANG_ENABLE_MODULES = YES;
				CLANG_ENABLE_OBJC_ARC = YES;
				CLANG_WARN_BOOL_CONVERSION = YES;
				CLANG_WARN_CONSTANT_CONVERSION = YES;
				CLANG_WARN_DIRECT_OBJC_ISA_USAGE = YES_ERROR;
				CLANG_WARN_DOCUMENTATION_COMMENTS = YES;
				CLANG_WARN_EMPTY_BODY = YES;
				CLANG_WARN_ENUM_CONVERSION = YES;
				CLANG_WARN_INFINITE_RECURSION = YES;
				CLANG_WARN_INT_CONVERSION = YES;
				CLANG_WARN_OBJC_ROOT_CLASS = YES_ERROR;
				CLANG_WARN_SUSPICIOUS_MOVE = YES;
				CLANG_WARN_UNREACHABLE_CODE = YES;
				CLANG_WARN__DUPLICATE_METHOD_MATCH = YES;
				"CODE_SIGN_IDENTITY[sdk=iphoneos*]" = "iPhone Developer";
				COPY_PHASE_STRIP = NO;
				DEBUG_INFORMATION_FORMAT = "dwarf-with-dsym";
				ENABLE_NS_ASSERTIONS = NO;
				ENABLE_STRICT_OBJC_MSGSEND = YES;
				GCC_C_LANGUAGE_STANDARD = gnu99;
				GCC_NO_COMMON_BLOCKS = YES;
				GCC_WARN_64_TO_32_BIT_CONVERSION = YES;
				GCC_WARN_ABOUT_RETURN_TYPE = YES_ERROR;
				GCC_WARN_UNDECLARED_SELECTOR = YES;
				GCC_WARN_UNINITIALIZED_AUTOS = YES_AGGRESSIVE;
				GCC_WARN_UNUSED_FUNCTION = YES;
				GCC_WARN_UNUSED_VARIABLE = YES;
				IPHONEOS_DEPLOYMENT_TARGET = 10.2;
				MTL_ENABLE_DEBUG_INFO = NO;
				SDKROOT = iphoneos;
				SWIFT_OPTIMIZATION_LEVEL = "-Owholemodule";
				TARGETED_DEVICE_FAMILY = "1,2";
				VALIDATE_PRODUCT = YES;
			};
			name = Release;
		};
		FAFF374F1E03402F001B2A8F /* Debug */ = {
			isa = XCBuildConfiguration;
			baseConfigurationReference = 10B2518230708D05E98AAC84 /* Pods-Nightline.debug.xcconfig */;
			buildSettings = {
				ASSETCATALOG_COMPILER_APPICON_NAME = AppIcon;
				CLANG_ENABLE_MODULES = YES;
				CODE_SIGN_ENTITLEMENTS = Nightline/Nightline.entitlements;
				"CODE_SIGN_IDENTITY[sdk=iphoneos*]" = "iPhone Developer";
				DEVELOPMENT_TEAM = 97AYAAKHJ8;
				INFOPLIST_FILE = Nightline/Info.plist;
				LD_RUNPATH_SEARCH_PATHS = "$(inherited) @executable_path/Frameworks";
				PRODUCT_BUNDLE_IDENTIFIER = Nightline.AlexandreOdet;
				PRODUCT_NAME = "$(TARGET_NAME)";
				SWIFT_OPTIMIZATION_LEVEL = "-Onone";
				SWIFT_VERSION = 3.0;
			};
			name = Debug;
		};
		FAFF37501E03402F001B2A8F /* Release */ = {
			isa = XCBuildConfiguration;
			baseConfigurationReference = 328F72EDC5BFFCEBDCA6C9C6 /* Pods-Nightline.release.xcconfig */;
			buildSettings = {
				ASSETCATALOG_COMPILER_APPICON_NAME = AppIcon;
				CLANG_ENABLE_MODULES = YES;
				CODE_SIGN_ENTITLEMENTS = Nightline/Nightline.entitlements;
				"CODE_SIGN_IDENTITY[sdk=iphoneos*]" = "iPhone Developer";
				DEVELOPMENT_TEAM = 97AYAAKHJ8;
				INFOPLIST_FILE = Nightline/Info.plist;
				LD_RUNPATH_SEARCH_PATHS = "$(inherited) @executable_path/Frameworks";
				PRODUCT_BUNDLE_IDENTIFIER = Nightline.AlexandreOdet;
				PRODUCT_NAME = "$(TARGET_NAME)";
				SWIFT_VERSION = 3.0;
			};
			name = Release;
		};
		FAFF37521E034030001B2A8F /* Debug */ = {
			isa = XCBuildConfiguration;
			baseConfigurationReference = 52AC7CFB957CAC0F9B1438C7 /* Pods-NightlineTests.debug.xcconfig */;
			buildSettings = {
				ALWAYS_EMBED_SWIFT_STANDARD_LIBRARIES = YES;
				BUNDLE_LOADER = "$(TEST_HOST)";
				DEVELOPMENT_TEAM = 97AYAAKHJ8;
				INFOPLIST_FILE = NightlineTests/Info.plist;
				LD_RUNPATH_SEARCH_PATHS = "$(inherited) @executable_path/Frameworks @loader_path/Frameworks";
				PRODUCT_BUNDLE_IDENTIFIER = OdetAlexandre.NightlineTests;
				PRODUCT_NAME = "$(TARGET_NAME)";
				SWIFT_VERSION = 3.0;
				TEST_HOST = "$(BUILT_PRODUCTS_DIR)/Nightline.app/Nightline";
			};
			name = Debug;
		};
		FAFF37531E034030001B2A8F /* Release */ = {
			isa = XCBuildConfiguration;
			baseConfigurationReference = 27EDDB266E82A3DBD059EDE1 /* Pods-NightlineTests.release.xcconfig */;
			buildSettings = {
				ALWAYS_EMBED_SWIFT_STANDARD_LIBRARIES = YES;
				BUNDLE_LOADER = "$(TEST_HOST)";
				DEVELOPMENT_TEAM = 97AYAAKHJ8;
				INFOPLIST_FILE = NightlineTests/Info.plist;
				LD_RUNPATH_SEARCH_PATHS = "$(inherited) @executable_path/Frameworks @loader_path/Frameworks";
				PRODUCT_BUNDLE_IDENTIFIER = OdetAlexandre.NightlineTests;
				PRODUCT_NAME = "$(TARGET_NAME)";
				SWIFT_VERSION = 3.0;
				TEST_HOST = "$(BUILT_PRODUCTS_DIR)/Nightline.app/Nightline";
			};
			name = Release;
		};
		FAFF37551E034030001B2A8F /* Debug */ = {
			isa = XCBuildConfiguration;
			baseConfigurationReference = 4D29CABD4DA5A77DCF782125 /* Pods-NightlineUITests.debug.xcconfig */;
			buildSettings = {
				ALWAYS_EMBED_SWIFT_STANDARD_LIBRARIES = YES;
				DEVELOPMENT_TEAM = 97AYAAKHJ8;
				INFOPLIST_FILE = NightlineUITests/Info.plist;
				LD_RUNPATH_SEARCH_PATHS = "$(inherited) @executable_path/Frameworks @loader_path/Frameworks";
				PRODUCT_BUNDLE_IDENTIFIER = OdetAlexandre.NightlineUITests;
				PRODUCT_NAME = "$(TARGET_NAME)";
				SWIFT_VERSION = 3.0;
				TEST_TARGET_NAME = Nightline;
			};
			name = Debug;
		};
		FAFF37561E034030001B2A8F /* Release */ = {
			isa = XCBuildConfiguration;
			baseConfigurationReference = 09181AECF5AEFBFD7A64E763 /* Pods-NightlineUITests.release.xcconfig */;
			buildSettings = {
				ALWAYS_EMBED_SWIFT_STANDARD_LIBRARIES = YES;
				DEVELOPMENT_TEAM = 97AYAAKHJ8;
				INFOPLIST_FILE = NightlineUITests/Info.plist;
				LD_RUNPATH_SEARCH_PATHS = "$(inherited) @executable_path/Frameworks @loader_path/Frameworks";
				PRODUCT_BUNDLE_IDENTIFIER = OdetAlexandre.NightlineUITests;
				PRODUCT_NAME = "$(TARGET_NAME)";
				SWIFT_VERSION = 3.0;
				TEST_TARGET_NAME = Nightline;
			};
			name = Release;
		};
/* End XCBuildConfiguration section */

/* Begin XCConfigurationList section */
		FAFF371E1E03402F001B2A8F /* Build configuration list for PBXProject "Nightline" */ = {
			isa = XCConfigurationList;
			buildConfigurations = (
				FAFF374C1E03402F001B2A8F /* Debug */,
				FAFF374D1E03402F001B2A8F /* Release */,
			);
			defaultConfigurationIsVisible = 0;
			defaultConfigurationName = Release;
		};
		FAFF374E1E03402F001B2A8F /* Build configuration list for PBXNativeTarget "Nightline" */ = {
			isa = XCConfigurationList;
			buildConfigurations = (
				FAFF374F1E03402F001B2A8F /* Debug */,
				FAFF37501E03402F001B2A8F /* Release */,
			);
			defaultConfigurationIsVisible = 0;
			defaultConfigurationName = Release;
		};
		FAFF37511E034030001B2A8F /* Build configuration list for PBXNativeTarget "NightlineTests" */ = {
			isa = XCConfigurationList;
			buildConfigurations = (
				FAFF37521E034030001B2A8F /* Debug */,
				FAFF37531E034030001B2A8F /* Release */,
			);
			defaultConfigurationIsVisible = 0;
			defaultConfigurationName = Release;
		};
		FAFF37541E034030001B2A8F /* Build configuration list for PBXNativeTarget "NightlineUITests" */ = {
			isa = XCConfigurationList;
			buildConfigurations = (
				FAFF37551E034030001B2A8F /* Debug */,
				FAFF37561E034030001B2A8F /* Release */,
			);
			defaultConfigurationIsVisible = 0;
			defaultConfigurationName = Release;
		};
/* End XCConfigurationList section */

/* Begin XCVersionGroup section */
		FAFF372D1E03402F001B2A8F /* Nightline.xcdatamodeld */ = {
			isa = XCVersionGroup;
			children = (
				FAFF372E1E03402F001B2A8F /* Nightline.xcdatamodel */,
			);
			currentVersion = FAFF372E1E03402F001B2A8F /* Nightline.xcdatamodel */;
			path = Nightline.xcdatamodeld;
			sourceTree = "<group>";
			versionGroupType = wrapper.xcdatamodel;
		};
/* End XCVersionGroup section */
	};
	rootObject = FAFF371B1E03402F001B2A8F /* Project object */;
}
